// !$*UTF8*$!
{
	archiveVersion = 1;
	classes = {
	};
	objectVersion = 50;
	objects = {

/* Begin PBXBuildFile section */
		8108A57822DF79C700746FEB /* AppDelegate.swift in Sources */ = {isa = PBXBuildFile; fileRef = 8108A57722DF79C700746FEB /* AppDelegate.swift */; };
		8108A57A22DF79C700746FEB /* ViewController.swift in Sources */ = {isa = PBXBuildFile; fileRef = 8108A57922DF79C700746FEB /* ViewController.swift */; };
		8108A57D22DF79C700746FEB /* Main.storyboard in Resources */ = {isa = PBXBuildFile; fileRef = 8108A57B22DF79C700746FEB /* Main.storyboard */; };
		8108A57F22DF79C900746FEB /* Assets.xcassets in Resources */ = {isa = PBXBuildFile; fileRef = 8108A57E22DF79C900746FEB /* Assets.xcassets */; };
		8108A58222DF79C900746FEB /* LaunchScreen.storyboard in Resources */ = {isa = PBXBuildFile; fileRef = 8108A58022DF79C900746FEB /* LaunchScreen.storyboard */; };
		8108A58A22DF79E500746FEB /* ExpandableProtocol.swift in Sources */ = {isa = PBXBuildFile; fileRef = 8108A58922DF79E500746FEB /* ExpandableProtocol.swift */; };
		8108A58C22DF7A0800746FEB /* ExpandableCollectionViewCell.swift in Sources */ = {isa = PBXBuildFile; fileRef = 8108A58B22DF7A0800746FEB /* ExpandableCollectionViewCell.swift */; };
		8108A58E22DF7C5200746FEB /* CollectionViewCell.swift in Sources */ = {isa = PBXBuildFile; fileRef = 8108A58D22DF7C5200746FEB /* CollectionViewCell.swift */; };
		8108A59022DF7FFF00746FEB /* MainView.swift in Sources */ = {isa = PBXBuildFile; fileRef = 8108A58F22DF7FFF00746FEB /* MainView.swift */; };
/* End PBXBuildFile section */

/* Begin PBXFileReference section */
		8108A57422DF79C700746FEB /* ExpandingCollectionViewCells.app */ = {isa = PBXFileReference; explicitFileType = wrapper.application; includeInIndex = 0; path = ExpandingCollectionViewCells.app; sourceTree = BUILT_PRODUCTS_DIR; };
		8108A57722DF79C700746FEB /* AppDelegate.swift */ = {isa = PBXFileReference; lastKnownFileType = sourcecode.swift; path = AppDelegate.swift; sourceTree = "<group>"; };
		8108A57922DF79C700746FEB /* ViewController.swift */ = {isa = PBXFileReference; lastKnownFileType = sourcecode.swift; path = ViewController.swift; sourceTree = "<group>"; };
		8108A57C22DF79C700746FEB /* Base */ = {isa = PBXFileReference; lastKnownFileType = file.storyboard; name = Base; path = Base.lproj/Main.storyboard; sourceTree = "<group>"; };
		8108A57E22DF79C900746FEB /* Assets.xcassets */ = {isa = PBXFileReference; lastKnownFileType = folder.assetcatalog; path = Assets.xcassets; sourceTree = "<group>"; };
		8108A58122DF79C900746FEB /* Base */ = {isa = PBXFileReference; lastKnownFileType = file.storyboard; name = Base; path = Base.lproj/LaunchScreen.storyboard; sourceTree = "<group>"; };
		8108A58322DF79C900746FEB /* Info.plist */ = {isa = PBXFileReference; lastKnownFileType = text.plist.xml; path = Info.plist; sourceTree = "<group>"; };
		8108A58922DF79E500746FEB /* ExpandableProtocol.swift */ = {isa = PBXFileReference; lastKnownFileType = sourcecode.swift; path = ExpandableProtocol.swift; sourceTree = "<group>"; };
		8108A58B22DF7A0800746FEB /* ExpandableCollectionViewCell.swift */ = {isa = PBXFileReference; lastKnownFileType = sourcecode.swift; path = ExpandableCollectionViewCell.swift; sourceTree = "<group>"; };
		8108A58D22DF7C5200746FEB /* CollectionViewCell.swift */ = {isa = PBXFileReference; lastKnownFileType = sourcecode.swift; path = CollectionViewCell.swift; sourceTree = "<group>"; };
		8108A58F22DF7FFF00746FEB /* MainView.swift */ = {isa = PBXFileReference; lastKnownFileType = sourcecode.swift; path = MainView.swift; sourceTree = "<group>"; };
/* End PBXFileReference section */

/* Begin PBXFrameworksBuildPhase section */
		8108A57122DF79C700746FEB /* Frameworks */ = {
			isa = PBXFrameworksBuildPhase;
			buildActionMask = 2147483647;
			files = (
			);
			runOnlyForDeploymentPostprocessing = 0;
		};
/* End PBXFrameworksBuildPhase section */

/* Begin PBXGroup section */
		8108A56B22DF79C600746FEB = {
			isa = PBXGroup;
			children = (
				8108A57622DF79C700746FEB /* ExpandingCollectionViewCells */,
				8108A57522DF79C700746FEB /* Products */,
			);
			sourceTree = "<group>";
		};
		8108A57522DF79C700746FEB /* Products */ = {
			isa = PBXGroup;
			children = (
				8108A57422DF79C700746FEB /* ExpandingCollectionViewCells.app */,
			);
			name = Products;
			sourceTree = "<group>";
		};
		8108A57622DF79C700746FEB /* ExpandingCollectionViewCells */ = {
			isa = PBXGroup;
			children = (
				8108A57722DF79C700746FEB /* AppDelegate.swift */,
				8108A57922DF79C700746FEB /* ViewController.swift */,
				8108A57B22DF79C700746FEB /* Main.storyboard */,
				8108A57E22DF79C900746FEB /* Assets.xcassets */,
				8108A58022DF79C900746FEB /* LaunchScreen.storyboard */,
				8108A58322DF79C900746FEB /* Info.plist */,
				8108A58922DF79E500746FEB /* ExpandableProtocol.swift */,
				8108A58B22DF7A0800746FEB /* ExpandableCollectionViewCell.swift */,
				8108A58D22DF7C5200746FEB /* CollectionViewCell.swift */,
				8108A58F22DF7FFF00746FEB /* MainView.swift */,
			);
			path = ExpandingCollectionViewCells;
			sourceTree = "<group>";
		};
/* End PBXGroup section */

/* Begin PBXNativeTarget section */
		8108A57322DF79C700746FEB /* ExpandingCollectionViewCells */ = {
			isa = PBXNativeTarget;
			buildConfigurationList = 8108A58622DF79C900746FEB /* Build configuration list for PBXNativeTarget "ExpandingCollectionViewCells" */;
			buildPhases = (
				8108A57022DF79C700746FEB /* Sources */,
				8108A57122DF79C700746FEB /* Frameworks */,
				8108A57222DF79C700746FEB /* Resources */,
			);
			buildRules = (
			);
			dependencies = (
			);
			name = ExpandingCollectionViewCells;
			productName = ExpandingCollectionViewCells;
			productReference = 8108A57422DF79C700746FEB /* ExpandingCollectionViewCells.app */;
			productType = "com.apple.product-type.application";
		};
/* End PBXNativeTarget section */

/* Begin PBXProject section */
		8108A56C22DF79C700746FEB /* Project object */ = {
			isa = PBXProject;
			attributes = {
				LastSwiftUpdateCheck = 1010;
				LastUpgradeCheck = 1010;
				ORGANIZATIONNAME = "Vikash Hart";
				TargetAttributes = {
					8108A57322DF79C700746FEB = {
						CreatedOnToolsVersion = 10.1;
					};
				};
			};
			buildConfigurationList = 8108A56F22DF79C700746FEB /* Build configuration list for PBXProject "ExpandingCollectionViewCells" */;
			compatibilityVersion = "Xcode 9.3";
			developmentRegion = en;
			hasScannedForEncodings = 0;
			knownRegions = (
				en,
				Base,
			);
			mainGroup = 8108A56B22DF79C600746FEB;
			productRefGroup = 8108A57522DF79C700746FEB /* Products */;
			projectDirPath = "";
			projectRoot = "";
			targets = (
				8108A57322DF79C700746FEB /* ExpandingCollectionViewCells */,
			);
		};
/* End PBXProject section */

/* Begin PBXResourcesBuildPhase section */
		8108A57222DF79C700746FEB /* Resources */ = {
			isa = PBXResourcesBuildPhase;
			buildActionMask = 2147483647;
			files = (
				8108A58222DF79C900746FEB /* LaunchScreen.storyboard in Resources */,
				8108A57F22DF79C900746FEB /* Assets.xcassets in Resources */,
				8108A57D22DF79C700746FEB /* Main.storyboard in Resources */,
			);
			runOnlyForDeploymentPostprocessing = 0;
		};
/* End PBXResourcesBuildPhase section */

/* Begin PBXSourcesBuildPhase section */
		8108A57022DF79C700746FEB /* Sources */ = {
			isa = PBXSourcesBuildPhase;
			buildActionMask = 2147483647;
			files = (
				8108A58E22DF7C5200746FEB /* CollectionViewCell.swift in Sources */,
				8108A59022DF7FFF00746FEB /* MainView.swift in Sources */,
				8108A58C22DF7A0800746FEB /* ExpandableCollectionViewCell.swift in Sources */,
				8108A58A22DF79E500746FEB /* ExpandableProtocol.swift in Sources */,
				8108A57A22DF79C700746FEB /* ViewController.swift in Sources */,
				8108A57822DF79C700746FEB /* AppDelegate.swift in Sources */,
			);
			runOnlyForDeploymentPostprocessing = 0;
		};
/* End PBXSourcesBuildPhase section */

/* Begin PBXVariantGroup section */
		8108A57B22DF79C700746FEB /* Main.storyboard */ = {
			isa = PBXVariantGroup;
			children = (
				8108A57C22DF79C700746FEB /* Base */,
			);
			name = Main.storyboard;
			sourceTree = "<group>";
		};
		8108A58022DF79C900746FEB /* LaunchScreen.storyboard */ = {
			isa = PBXVariantGroup;
			children = (
				8108A58122DF79C900746FEB /* Base */,
			);
			name = LaunchScreen.storyboard;
			sourceTree = "<group>";
		};
/* End PBXVariantGroup section */

/* Begin XCBuildConfiguration section */
		8108A58422DF79C900746FEB /* Debug */ = {
			isa = XCBuildConfiguration;
			buildSettings = {
				ALWAYS_SEARCH_USER_PATHS = NO;
				CLANG_ANALYZER_NONNULL = YES;
				CLANG_ANALYZER_NUMBER_OBJECT_CONVERSION = YES_AGGRESSIVE;
				CLANG_CXX_LANGUAGE_STANDARD = "gnu++14";
				CLANG_CXX_LIBRARY = "libc++";
				CLANG_ENABLE_MODULES = YES;
				CLANG_ENABLE_OBJC_ARC = YES;
				CLANG_ENABLE_OBJC_WEAK = YES;
				CLANG_WARN_BLOCK_CAPTURE_AUTORELEASING = YES;
				CLANG_WARN_BOOL_CONVERSION = YES;
				CLANG_WARN_COMMA = YES;
				CLANG_WARN_CONSTANT_CONVERSION = YES;
				CLANG_WARN_DEPRECATED_OBJC_IMPLEMENTATIONS = YES;
				CLANG_WARN_DIRECT_OBJC_ISA_USAGE = YES_ERROR;
				CLANG_WARN_DOCUMENTATION_COMMENTS = YES;
				CLANG_WARN_EMPTY_BODY = YES;
				CLANG_WARN_ENUM_CONVERSION = YES;
				CLANG_WARN_INFINITE_RECURSION = YES;
				CLANG_WARN_INT_CONVERSION = YES;
				CLANG_WARN_NON_LITERAL_NULL_CONVERSION = YES;
				CLANG_WARN_OBJC_IMPLICIT_RETAIN_SELF = YES;
				CLANG_WARN_OBJC_LITERAL_CONVERSION = YES;
				CLANG_WARN_OBJC_ROOT_CLASS = YES_ERROR;
				CLANG_WARN_RANGE_LOOP_ANALYSIS = YES;
				CLANG_WARN_STRICT_PROTOTYPES = YES;
				CLANG_WARN_SUSPICIOUS_MOVE = YES;
				CLANG_WARN_UNGUARDED_AVAILABILITY = YES_AGGRESSIVE;
				CLANG_WARN_UNREACHABLE_CODE = YES;
				CLANG_WARN__DUPLICATE_METHOD_MATCH = YES;
				CODE_SIGN_IDENTITY = "iPhone Developer";
				COPY_PHASE_STRIP = NO;
				DEBUG_INFORMATION_FORMAT = dwarf;
				ENABLE_STRICT_OBJC_MSGSEND = YES;
				ENABLE_TESTABILITY = YES;
				GCC_C_LANGUAGE_STANDARD = gnu11;
				GCC_DYNAMIC_NO_PIC = NO;
				GCC_NO_COMMON_BLOCKS = YES;
				GCC_OPTIMIZATION_LEVEL = 0;
				GCC_PREPROCESSOR_DEFINITIONS = (
					"DEBUG=1",
					"$(inherited)",
				);
				GCC_WARN_64_TO_32_BIT_CONVERSION = YES;
				GCC_WARN_ABOUT_RETURN_TYPE = YES_ERROR;
				GCC_WARN_UNDECLARED_SELECTOR = YES;
				GCC_WARN_UNINITIALIZED_AUTOS = YES_AGGRESSIVE;
				GCC_WARN_UNUSED_FUNCTION = YES;
				GCC_WARN_UNUSED_VARIABLE = YES;
				IPHONEOS_DEPLOYMENT_TARGET = 12.1;
				MTL_ENABLE_DEBUG_INFO = INCLUDE_SOURCE;
				MTL_FAST_MATH = YES;
				ONLY_ACTIVE_ARCH = YES;
				SDKROOT = iphoneos;
				SWIFT_ACTIVE_COMPILATION_CONDITIONS = DEBUG;
				SWIFT_OPTIMIZATION_LEVEL = "-Onone";
			};
			name = Debug;
		};
		8108A58522DF79C900746FEB /* Release */ = {
			isa = XCBuildConfiguration;
			buildSettings = {
				ALWAYS_SEARCH_USER_PATHS = NO;
				CLANG_ANALYZER_NONNULL = YES;
				CLANG_ANALYZER_NUMBER_OBJECT_CONVERSION = YES_AGGRESSIVE;
				CLANG_CXX_LANGUAGE_STANDARD = "gnu++14";
				CLANG_CXX_LIBRARY = "libc++";
				CLANG_ENABLE_MODULES = YES;
				CLANG_ENABLE_OBJC_ARC = YES;
				CLANG_ENABLE_OBJC_WEAK = YES;
				CLANG_WARN_BLOCK_CAPTURE_AUTORELEASING = YES;
				CLANG_WARN_BOOL_CONVERSION = YES;
				CLANG_WARN_COMMA = YES;
				CLANG_WARN_CONSTANT_CONVERSION = YES;
				CLANG_WARN_DEPRECATED_OBJC_IMPLEMENTATIONS = YES;
				CLANG_WARN_DIRECT_OBJC_ISA_USAGE = YES_ERROR;
				CLANG_WARN_DOCUMENTATION_COMMENTS = YES;
				CLANG_WARN_EMPTY_BODY = YES;
				CLANG_WARN_ENUM_CONVERSION = YES;
				CLANG_WARN_INFINITE_RECURSION = YES;
				CLANG_WARN_INT_CONVERSION = YES;
				CLANG_WARN_NON_LITERAL_NULL_CONVERSION = YES;
				CLANG_WARN_OBJC_IMPLICIT_RETAIN_SELF = YES;
				CLANG_WARN_OBJC_LITERAL_CONVERSION = YES;
				CLANG_WARN_OBJC_ROOT_CLASS = YES_ERROR;
				CLANG_WARN_RANGE_LOOP_ANALYSIS = YES;
				CLANG_WARN_STRICT_PROTOTYPES = YES;
				CLANG_WARN_SUSPICIOUS_MOVE = YES;
				CLANG_WARN_UNGUARDED_AVAILABILITY = YES_AGGRESSIVE;
				CLANG_WARN_UNREACHABLE_CODE = YES;
				CLANG_WARN__DUPLICATE_METHOD_MATCH = YES;
				CODE_SIGN_IDENTITY = "iPhone Developer";
				COPY_PHASE_STRIP = NO;
				DEBUG_INFORMATION_FORMAT = "dwarf-with-dsym";
				ENABLE_NS_ASSERTIONS = NO;
				ENABLE_STRICT_OBJC_MSGSEND = YES;
				GCC_C_LANGUAGE_STANDARD = gnu11;
				GCC_NO_COMMON_BLOCKS = YES;
				GCC_WARN_64_TO_32_BIT_CONVERSION = YES;
				GCC_WARN_ABOUT_RETURN_TYPE = YES_ERROR;
				GCC_WARN_UNDECLARED_SELECTOR = YES;
				GCC_WARN_UNINITIALIZED_AUTOS = YES_AGGRESSIVE;
				GCC_WARN_UNUSED_FUNCTION = YES;
				GCC_WARN_UNUSED_VARIABLE = YES;
				IPHONEOS_DEPLOYMENT_TARGET = 12.1;
				MTL_ENABLE_DEBUG_INFO = NO;
				MTL_FAST_MATH = YES;
				SDKROOT = iphoneos;
				SWIFT_COMPILATION_MODE = wholemodule;
				SWIFT_OPTIMIZATION_LEVEL = "-O";
				VALIDATE_PRODUCT = YES;
			};
			name = Release;
		};
		8108A58722DF79C900746FEB /* Debug */ = {
			isa = XCBuildConfiguration;
			buildSettings = {
				ASSETCATALOG_COMPILER_APPICON_NAME = AppIcon;
				CODE_SIGN_STYLE = Automatic;
				DEVELOPMENT_TEAM = 63X7US2LVV;
				INFOPLIST_FILE = ExpandingCollectionViewCells/Info.plist;
				LD_RUNPATH_SEARCH_PATHS = (
					"$(inherited)",
					"@executable_path/Frameworks",
				);
				PRODUCT_BUNDLE_IDENTIFIER = "Vikash-Hart.ExpandingCollectionViewCells";
				PRODUCT_NAME = "$(TARGET_NAME)";
				SWIFT_VERSION = 4.2;
				TARGETED_DEVICE_FAMILY = "1,2";
			};
			name = Debug;
		};
		8108A58822DF79C900746FEB /* Release */ = {
			isa = XCBuildConfiguration;
			buildSettings = {
				ASSETCATALOG_COMPILER_APPICON_NAME = AppIcon;
				CODE_SIGN_STYLE = Automatic;
				DEVELOPMENT_TEAM = 63X7US2LVV;
				INFOPLIST_FILE = ExpandingCollectionViewCells/Info.plist;
				LD_RUNPATH_SEARCH_PATHS = (
					"$(inherited)",
					"@executable_path/Frameworks",
				);
				PRODUCT_BUNDLE_IDENTIFIER = "Vikash-Hart.ExpandingCollectionViewCells";
				PRODUCT_NAME = "$(TARGET_NAME)";
				SWIFT_VERSION = 4.2;
				TARGETED_DEVICE_FAMILY = "1,2";
			};
			name = Release;
		};
/* End XCBuildConfiguration section */

/* Begin XCConfigurationList section */
		8108A56F22DF79C700746FEB /* Build configuration list for PBXProject "ExpandingCollectionViewCells" */ = {
			isa = XCConfigurationList;
			buildConfigurations = (
				8108A58422DF79C900746FEB /* Debug */,
				8108A58522DF79C900746FEB /* Release */,
			);
			defaultConfigurationIsVisible = 0;
			defaultConfigurationName = Release;
		};
		8108A58622DF79C900746FEB /* Build configuration list for PBXNativeTarget "ExpandingCollectionViewCells" */ = {
			isa = XCConfigurationList;
			buildConfigurations = (
				8108A58722DF79C900746FEB /* Debug */,
				8108A58822DF79C900746FEB /* Release */,
			);
			defaultConfigurationIsVisible = 0;
			defaultConfigurationName = Release;
		};
/* End XCConfigurationList section */
	};
	rootObject = 8108A56C22DF79C700746FEB /* Project object */;
}
